
Microsoft Visual Studio Solution File, Format Version 12.00
# Visual Studio Version 16
VisualStudioVersion = 16.0.29306.81
MinimumVisualStudioVersion = 10.0.40219.1
Project("{FAE04EC0-301F-11D3-BF4B-00C04F79EFBC}") = "BooksLibraryProject1", "BooksLibraryProject1.csproj", "{ABA138F0-2DCD-483C-9A55-AAB373B364D0}"
EndProject
Global
	GlobalSection(SolutionConfigurationPlatforms) = preSolution
		Debug|Any CPU = Debug|Any CPU
		Release|Any CPU = Release|Any CPU
	EndGlobalSection
	GlobalSection(ProjectConfigurationPlatforms) = postSolution
		{ABA138F0-2DCD-483C-9A55-AAB373B364D0}.Debug|Any CPU.ActiveCfg = Debug|Any CPU
		{ABA138F0-2DCD-483C-9A55-AAB373B364D0}.Debug|Any CPU.Build.0 = Debug|Any CPU
		{ABA138F0-2DCD-483C-9A55-AAB373B364D0}.Release|Any CPU.ActiveCfg = Release|Any CPU
		{ABA138F0-2DCD-483C-9A55-AAB373B364D0}.Release|Any CPU.Build.0 = Release|Any CPU
	EndGlobalSection
	GlobalSection(SolutionProperties) = preSolution
		HideSolutionNode = FALSE
	EndGlobalSection
	GlobalSection(ExtensibilityGlobals) = postSolution
		SolutionGuid = {2CC6A5F4-3845-403A-BBAD-0907D3BA2D5F}
	EndGlobalSection
EndGlobal
